<?xml version="1.0" encoding="utf-8"?>
<Project ToolsVersion="4.0" xmlns="http://schemas.microsoft.com/developer/msbuild/2003">
  <ItemGroup>
    <Filter Include="Source Files">
      <UniqueIdentifier>{4FC737F1-C7A5-4376-A066-2A32D752A2FF}</UniqueIdentifier>
      <Extensions>cpp;c;cc;cxx;def;odl;idl;hpj;bat;asm;asmx</Extensions>
    </Filter>
    <Filter Include="Header Files">
      <UniqueIdentifier>{93995380-89BD-4b04-88EB-625FBE52EBFB}</UniqueIdentifier>
      <Extensions>h;hpp;hxx;hm;inl;inc;xsd</Extensions>
    </Filter>
    <Filter Include="Resource Files">
      <UniqueIdentifier>{67DA6AB6-F800-4c08-8B7A-83BB121AAD01}</UniqueIdentifier>
      <Extensions>rc;ico;cur;bmp;dlg;rc2;rct;bin;rgs;gif;jpg;jpeg;jpe;resx;tiff;tif;png;wav;mfcribbon-ms</Extensions>
    </Filter>
    <Filter Include="Driver Files">
      <UniqueIdentifier>{8E41214B-6785-4CFE-B992-037D68949A14}</UniqueIdentifier>
      <Extensions>inf;inv;inx;mof;mc;</Extensions>
    </Filter>
    <Filter Include="FileHelper">
      <UniqueIdentifier>{9cf387f4-03b1-4ba7-9059-f3ede54ab0d3}</UniqueIdentifier>
    </Filter>
    <Filter Include="OperationHelper">
      <UniqueIdentifier>{652fa3d7-1e35-4ebf-adf7-2d4be5e773fd}</UniqueIdentifier>
    </Filter>
    <Filter Include="ProcessHelper">
      <UniqueIdentifier>{6f97bfaa-32a2-425c-90e6-e967f4d35901}</UniqueIdentifier>
    </Filter>
    <Filter Include="CacheHelper">
      <UniqueIdentifier>{6f93a189-350e-4491-89eb-8437a870923b}</UniqueIdentifier>
    </Filter>
    <Filter Include="CryptHelper">
      <UniqueIdentifier>{cfa31ede-bdd1-4b96-8eea-30013747ebf6}</UniqueIdentifier>
    </Filter>
  </ItemGroup>
  <ItemGroup>
    <Inf Include="FileEncrypt.inf">
      <Filter>Driver Files</Filter>
    </Inf>
  </ItemGroup>
  <ItemGroup>
    <ClInclude Include="ContextData.h">
      <Filter>FileHelper</Filter>
    </ClInclude>
    <ClInclude Include="CommonVariable.h">
      <Filter>Header Files</Filter>
    </ClInclude>
    <ClInclude Include="CommonSetting.h">
      <Filter>Header Files</Filter>
    </ClInclude>
    <ClInclude Include="HandleIO.h">
      <Filter>FileHelper</Filter>
    </ClInclude>
    <ClInclude Include="Crypt.h">
      <Filter>CryptHelper</Filter>
    </ClInclude>
    <ClInclude Include="EncryptEngine.h">
      <Filter>CryptHelper</Filter>
    </ClInclude>
    <ClInclude Include="ProcessHelper.h">
      <Filter>ProcessHelper</Filter>
    </ClInclude>
    <ClInclude Include="FileHelper.h">
      <Filter>FileHelper</Filter>
    </ClInclude>
    <ClInclude Include="DirectoryControl.h">
      <Filter>FileHelper</Filter>
    </ClInclude>
    <ClInclude Include="CacheHelper.h">
      <Filter>CacheHelper</Filter>
    </ClInclude>
    <ClInclude Include="ReadOperation.h">
      <Filter>OperationHelper</Filter>
    </ClInclude>
    <ClInclude Include="WriteOperation.h">
      <Filter>OperationHelper</Filter>
    </ClInclude>
    <ClInclude Include="CleanupOperation.h">
      <Filter>OperationHelper</Filter>
    </ClInclude>
    <ClInclude Include="CloseOpetration.h">
      <Filter>OperationHelper</Filter>
    </ClInclude>
    <ClInclude Include="CreateOperation.h">
      <Filter>OperationHelper</Filter>
    </ClInclude>
    <ClInclude Include="QuerySetInfoOperation.h">
      <Filter>OperationHelper</Filter>
    </ClInclude>
  </ItemGroup>
  <ItemGroup>
    <ClCompile Include="CacheHelper.c">
      <Filter>CacheHelper</Filter>
    </ClCompile>
    <ClCompile Include="Crypt.c">
      <Filter>CryptHelper</Filter>
    </ClCompile>
    <ClCompile Include="EncryptEngine.c">
      <Filter>CryptHelper</Filter>
    </ClCompile>
    <ClCompile Include="ContextData.c">
      <Filter>FileHelper</Filter>
    </ClCompile>
    <ClCompile Include="DirectoryControl.c">
      <Filter>FileHelper</Filter>
    </ClCompile>
    <ClCompile Include="FileHelper.c">
      <Filter>FileHelper</Filter>
    </ClCompile>
    <ClCompile Include="HandleIO.c">
      <Filter>FileHelper</Filter>
    </ClCompile>
    <ClCompile Include="CleanupOperation.c">
      <Filter>OperationHelper</Filter>
    </ClCompile>
    <ClCompile Include="CloseOpetration.c">
      <Filter>OperationHelper</Filter>
    </ClCompile>
    <ClCompile Include="CreateOperation.c">
      <Filter>OperationHelper</Filter>
    </ClCompile>
    <ClCompile Include="QuerySetInfoOperation.c">
      <Filter>OperationHelper</Filter>
    </ClCompile>
    <ClCompile Include="ReadOperation.c">
      <Filter>OperationHelper</Filter>
    </ClCompile>
    <ClCompile Include="WriteOperation.c">
      <Filter>OperationHelper</Filter>
    </ClCompile>
    <ClCompile Include="ProcessHelper.c">
      <Filter>ProcessHelper</Filter>
    </ClCompile>
  </ItemGroup>
</Project>